// !$*UTF8*$!
{
	archiveVersion = 1;
	classes = {
	};
	objectVersion = 56;
	objects = {

/* Begin PBXBuildFile section */
		2550B7DD2B5D740C0004C360 /* MapTodoApp.swift in Sources */ = {isa = PBXBuildFile; fileRef = 2550B7DC2B5D740C0004C360 /* MapTodoApp.swift */; };
		2550B7DF2B5D740C0004C360 /* ContentView.swift in Sources */ = {isa = PBXBuildFile; fileRef = 2550B7DE2B5D740C0004C360 /* ContentView.swift */; };
		2550B7E42B5D740D0004C360 /* Preview Assets.xcassets in Resources */ = {isa = PBXBuildFile; fileRef = 2550B7E32B5D740D0004C360 /* Preview Assets.xcassets */; };
		2550B7EA2B5D740D0004C360 /* MapTodo Watch App.app in Embed Watch Content */ = {isa = PBXBuildFile; fileRef = 2550B7E92B5D740D0004C360 /* MapTodo Watch App.app */; settings = {ATTRIBUTES = (RemoveHeadersOnCopy, ); }; };
		2550B7EF2B5D740D0004C360 /* MapTodoApp.swift in Sources */ = {isa = PBXBuildFile; fileRef = 2550B7EE2B5D740D0004C360 /* MapTodoApp.swift */; };
		2550B7F12B5D740D0004C360 /* ContentView.swift in Sources */ = {isa = PBXBuildFile; fileRef = 2550B7F02B5D740D0004C360 /* ContentView.swift */; };
		2550B7F32B5D740E0004C360 /* Assets.xcassets in Resources */ = {isa = PBXBuildFile; fileRef = 2550B7F22B5D740E0004C360 /* Assets.xcassets */; };
		2550B7F62B5D740E0004C360 /* Preview Assets.xcassets in Resources */ = {isa = PBXBuildFile; fileRef = 2550B7F52B5D740E0004C360 /* Preview Assets.xcassets */; };
		2550B8052B5D75E30004C360 /* AddData.swift in Sources */ = {isa = PBXBuildFile; fileRef = 2550B8042B5D75E30004C360 /* AddData.swift */; };
		2550B8082B5D76650004C360 /* MapDataModel.swift in Sources */ = {isa = PBXBuildFile; fileRef = 2550B8072B5D76650004C360 /* MapDataModel.swift */; };
		2550B81B2B5D76850004C360 /* MapCard.swift in Sources */ = {isa = PBXBuildFile; fileRef = 2550B80B2B5D76850004C360 /* MapCard.swift */; };
		2550B81C2B5D76850004C360 /* LargeData.swift in Sources */ = {isa = PBXBuildFile; fileRef = 2550B80F2B5D76850004C360 /* LargeData.swift */; };
		2550B81D2B5D76850004C360 /* SmallData.swift in Sources */ = {isa = PBXBuildFile; fileRef = 2550B8122B5D76850004C360 /* SmallData.swift */; };
		2550B81E2B5D76850004C360 /* TimeLine.swift in Sources */ = {isa = PBXBuildFile; fileRef = 2550B8152B5D76850004C360 /* TimeLine.swift */; };
		2550B81F2B5D76850004C360 /* Tools.swift in Sources */ = {isa = PBXBuildFile; fileRef = 2550B8172B5D76850004C360 /* Tools.swift */; };
		2550B8202B5D76850004C360 /* LocationManager.swift in Sources */ = {isa = PBXBuildFile; fileRef = 2550B8182B5D76850004C360 /* LocationManager.swift */; };
		2550B8212B5D76850004C360 /* Settings.swift in Sources */ = {isa = PBXBuildFile; fileRef = 2550B81A2B5D76850004C360 /* Settings.swift */; };
		2550B8232B5D79E20004C360 /* AddDataModel.swift in Sources */ = {isa = PBXBuildFile; fileRef = 2550B8222B5D79E20004C360 /* AddDataModel.swift */; };
		D2EB41482B5E259100A7FF8B /* Assets.xcassets in Resources */ = {isa = PBXBuildFile; fileRef = D2EB41472B5E259100A7FF8B /* Assets.xcassets */; };
		D2EB414C2B5E27A300A7FF8B /* AddViewModel.swift in Sources */ = {isa = PBXBuildFile; fileRef = D2EB414B2B5E27A300A7FF8B /* AddViewModel.swift */; };
		D2EB414F2B5ECF4E00A7FF8B /* SettingsModel.swift in Sources */ = {isa = PBXBuildFile; fileRef = D2EB414E2B5ECF4E00A7FF8B /* SettingsModel.swift */; };
		D2EB41522B5ED03300A7FF8B /* SettingsViewModel.swift in Sources */ = {isa = PBXBuildFile; fileRef = D2EB41512B5ED03300A7FF8B /* SettingsViewModel.swift */; };
		D2EB415B2B5F680100A7FF8B /* LargeDataModel.swift in Sources */ = {isa = PBXBuildFile; fileRef = D2EB415A2B5F680100A7FF8B /* LargeDataModel.swift */; };
		D2EB415F2B5F684100A7FF8B /* LargeDataViewModel.swift in Sources */ = {isa = PBXBuildFile; fileRef = D2EB415E2B5F684100A7FF8B /* LargeDataViewModel.swift */; };
/* End PBXBuildFile section */

/* Begin PBXContainerItemProxy section */
		2550B7EB2B5D740D0004C360 /* PBXContainerItemProxy */ = {
			isa = PBXContainerItemProxy;
			containerPortal = 2550B7D12B5D740B0004C360 /* Project object */;
			proxyType = 1;
			remoteGlobalIDString = 2550B7E82B5D740D0004C360;
			remoteInfo = "MapTodo Watch App";
		};
/* End PBXContainerItemProxy section */

/* Begin PBXCopyFilesBuildPhase section */
		2550B7FC2B5D740E0004C360 /* Embed Watch Content */ = {
			isa = PBXCopyFilesBuildPhase;
			buildActionMask = 2147483647;
			dstPath = "$(CONTENTS_FOLDER_PATH)/Watch";
			dstSubfolderSpec = 16;
			files = (
				2550B7EA2B5D740D0004C360 /* MapTodo Watch App.app in Embed Watch Content */,
			);
			name = "Embed Watch Content";
			runOnlyForDeploymentPostprocessing = 0;
		};
/* End PBXCopyFilesBuildPhase section */

/* Begin PBXFileReference section */
		2550B7D92B5D740C0004C360 /* MapTodo.app */ = {isa = PBXFileReference; explicitFileType = wrapper.application; includeInIndex = 0; path = MapTodo.app; sourceTree = BUILT_PRODUCTS_DIR; };
		2550B7DC2B5D740C0004C360 /* MapTodoApp.swift */ = {isa = PBXFileReference; lastKnownFileType = sourcecode.swift; path = MapTodoApp.swift; sourceTree = "<group>"; };
		2550B7DE2B5D740C0004C360 /* ContentView.swift */ = {isa = PBXFileReference; lastKnownFileType = sourcecode.swift; path = ContentView.swift; sourceTree = "<group>"; };
		2550B7E32B5D740D0004C360 /* Preview Assets.xcassets */ = {isa = PBXFileReference; lastKnownFileType = folder.assetcatalog; path = "Preview Assets.xcassets"; sourceTree = "<group>"; };
		2550B7E92B5D740D0004C360 /* MapTodo Watch App.app */ = {isa = PBXFileReference; explicitFileType = wrapper.application; includeInIndex = 0; path = "MapTodo Watch App.app"; sourceTree = BUILT_PRODUCTS_DIR; };
		2550B7EE2B5D740D0004C360 /* MapTodoApp.swift */ = {isa = PBXFileReference; lastKnownFileType = sourcecode.swift; path = MapTodoApp.swift; sourceTree = "<group>"; };
		2550B7F02B5D740D0004C360 /* ContentView.swift */ = {isa = PBXFileReference; lastKnownFileType = sourcecode.swift; path = ContentView.swift; sourceTree = "<group>"; };
		2550B7F22B5D740E0004C360 /* Assets.xcassets */ = {isa = PBXFileReference; lastKnownFileType = folder.assetcatalog; path = Assets.xcassets; sourceTree = "<group>"; };
		2550B7F52B5D740E0004C360 /* Preview Assets.xcassets */ = {isa = PBXFileReference; lastKnownFileType = folder.assetcatalog; path = "Preview Assets.xcassets"; sourceTree = "<group>"; };
		2550B8042B5D75E30004C360 /* AddData.swift */ = {isa = PBXFileReference; fileEncoding = 4; lastKnownFileType = sourcecode.swift; path = AddData.swift; sourceTree = "<group>"; };
		2550B8072B5D76650004C360 /* MapDataModel.swift */ = {isa = PBXFileReference; fileEncoding = 4; lastKnownFileType = sourcecode.swift; path = MapDataModel.swift; sourceTree = "<group>"; };
		2550B80B2B5D76850004C360 /* MapCard.swift */ = {isa = PBXFileReference; fileEncoding = 4; lastKnownFileType = sourcecode.swift; path = MapCard.swift; sourceTree = "<group>"; };
		2550B80F2B5D76850004C360 /* LargeData.swift */ = {isa = PBXFileReference; fileEncoding = 4; lastKnownFileType = sourcecode.swift; path = LargeData.swift; sourceTree = "<group>"; };
		2550B8122B5D76850004C360 /* SmallData.swift */ = {isa = PBXFileReference; fileEncoding = 4; lastKnownFileType = sourcecode.swift; path = SmallData.swift; sourceTree = "<group>"; };
		2550B8152B5D76850004C360 /* TimeLine.swift */ = {isa = PBXFileReference; fileEncoding = 4; lastKnownFileType = sourcecode.swift; path = TimeLine.swift; sourceTree = "<group>"; };
		2550B8172B5D76850004C360 /* Tools.swift */ = {isa = PBXFileReference; fileEncoding = 4; lastKnownFileType = sourcecode.swift; path = Tools.swift; sourceTree = "<group>"; };
		2550B8182B5D76850004C360 /* LocationManager.swift */ = {isa = PBXFileReference; fileEncoding = 4; lastKnownFileType = sourcecode.swift; path = LocationManager.swift; sourceTree = "<group>"; };
		2550B81A2B5D76850004C360 /* Settings.swift */ = {isa = PBXFileReference; fileEncoding = 4; lastKnownFileType = sourcecode.swift; path = Settings.swift; sourceTree = "<group>"; };
		2550B8222B5D79E20004C360 /* AddDataModel.swift */ = {isa = PBXFileReference; lastKnownFileType = sourcecode.swift; path = AddDataModel.swift; sourceTree = "<group>"; };
		D2EB41472B5E259100A7FF8B /* Assets.xcassets */ = {isa = PBXFileReference; lastKnownFileType = folder.assetcatalog; path = Assets.xcassets; sourceTree = "<group>"; };
		D2EB414B2B5E27A300A7FF8B /* AddViewModel.swift */ = {isa = PBXFileReference; lastKnownFileType = sourcecode.swift; path = AddViewModel.swift; sourceTree = "<group>"; };
		D2EB414E2B5ECF4E00A7FF8B /* SettingsModel.swift */ = {isa = PBXFileReference; lastKnownFileType = sourcecode.swift; path = SettingsModel.swift; sourceTree = "<group>"; };
		D2EB41512B5ED03300A7FF8B /* SettingsViewModel.swift */ = {isa = PBXFileReference; lastKnownFileType = sourcecode.swift; path = SettingsViewModel.swift; sourceTree = "<group>"; };
		D2EB415A2B5F680100A7FF8B /* LargeDataModel.swift */ = {isa = PBXFileReference; lastKnownFileType = sourcecode.swift; path = LargeDataModel.swift; sourceTree = "<group>"; };
		D2EB415C2B5F680800A7FF8B /* SmallDataModel.swift */ = {isa = PBXFileReference; lastKnownFileType = sourcecode.swift; path = SmallDataModel.swift; sourceTree = "<group>"; };
		D2EB415D2B5F681400A7FF8B /* TimeLineModel.swift */ = {isa = PBXFileReference; lastKnownFileType = sourcecode.swift; path = TimeLineModel.swift; sourceTree = "<group>"; };
		D2EB415E2B5F684100A7FF8B /* LargeDataViewModel.swift */ = {isa = PBXFileReference; lastKnownFileType = sourcecode.swift; path = LargeDataViewModel.swift; sourceTree = "<group>"; };
		D2EB41602B5F684500A7FF8B /* SmallDataViewModel.swift */ = {isa = PBXFileReference; lastKnownFileType = sourcecode.swift; path = SmallDataViewModel.swift; sourceTree = "<group>"; };
		D2EB41612B5F684800A7FF8B /* TimeLineViewModel.swift */ = {isa = PBXFileReference; lastKnownFileType = sourcecode.swift; path = TimeLineViewModel.swift; sourceTree = "<group>"; };
/* End PBXFileReference section */

/* Begin PBXFrameworksBuildPhase section */
		2550B7D62B5D740C0004C360 /* Frameworks */ = {
			isa = PBXFrameworksBuildPhase;
			buildActionMask = 2147483647;
			files = (
			);
			runOnlyForDeploymentPostprocessing = 0;
		};
		2550B7E62B5D740D0004C360 /* Frameworks */ = {
			isa = PBXFrameworksBuildPhase;
			buildActionMask = 2147483647;
			files = (
			);
			runOnlyForDeploymentPostprocessing = 0;
		};
/* End PBXFrameworksBuildPhase section */

/* Begin PBXGroup section */
		2550B7D02B5D740B0004C360 = {
			isa = PBXGroup;
			children = (
				2550B7DB2B5D740C0004C360 /* MapTodo */,
				2550B7ED2B5D740D0004C360 /* MapTodo Watch App */,
				2550B7DA2B5D740C0004C360 /* Products */,
			);
			sourceTree = "<group>";
		};
		2550B7DA2B5D740C0004C360 /* Products */ = {
			isa = PBXGroup;
			children = (
				2550B7D92B5D740C0004C360 /* MapTodo.app */,
				2550B7E92B5D740D0004C360 /* MapTodo Watch App.app */,
			);
			name = Products;
			sourceTree = "<group>";
		};
		2550B7DB2B5D740C0004C360 /* MapTodo */ = {
			isa = PBXGroup;
			children = (
				2550B8022B5D75E30004C360 /* Add */,
				D2EB41472B5E259100A7FF8B /* Assets.xcassets */,
				2550B8062B5D76650004C360 /* Model */,
				2550B7DC2B5D740C0004C360 /* MapTodoApp.swift */,
				2550B8192B5D76850004C360 /* Settings */,
				2550B80C2B5D76850004C360 /* TimeLine */,
				2550B8162B5D76850004C360 /* Tools */,
				2550B8092B5D76850004C360 /* UI */,
				2550B7DE2B5D740C0004C360 /* ContentView.swift */,
				2550B7E22B5D740D0004C360 /* Preview Content */,
			);
			path = MapTodo;
			sourceTree = "<group>";
		};
		2550B7E22B5D740D0004C360 /* Preview Content */ = {
			isa = PBXGroup;
			children = (
				2550B7E32B5D740D0004C360 /* Preview Assets.xcassets */,
			);
			path = "Preview Content";
			sourceTree = "<group>";
		};
		2550B7ED2B5D740D0004C360 /* MapTodo Watch App */ = {
			isa = PBXGroup;
			children = (
				2550B7EE2B5D740D0004C360 /* MapTodoApp.swift */,
				2550B7F02B5D740D0004C360 /* ContentView.swift */,
				2550B7F22B5D740E0004C360 /* Assets.xcassets */,
				2550B7F42B5D740E0004C360 /* Preview Content */,
			);
			path = "MapTodo Watch App";
			sourceTree = "<group>";
		};
		2550B7F42B5D740E0004C360 /* Preview Content */ = {
			isa = PBXGroup;
			children = (
				2550B7F52B5D740E0004C360 /* Preview Assets.xcassets */,
			);
			path = "Preview Content";
			sourceTree = "<group>";
		};
		2550B8022B5D75E30004C360 /* Add */ = {
			isa = PBXGroup;
			children = (
				D2EB414A2B5E278800A7FF8B /* ViewModel */,
				2550B8242B5D7A190004C360 /* Model */,
				2550B8032B5D75E30004C360 /* View */,
			);
			path = Add;
			sourceTree = "<group>";
		};
		2550B8032B5D75E30004C360 /* View */ = {
			isa = PBXGroup;
			children = (
				2550B8042B5D75E30004C360 /* AddData.swift */,
			);
			path = View;
			sourceTree = "<group>";
		};
		2550B8062B5D76650004C360 /* Model */ = {
			isa = PBXGroup;
			children = (
				2550B8072B5D76650004C360 /* MapDataModel.swift */,
			);
			path = Model;
			sourceTree = "<group>";
		};
		2550B8092B5D76850004C360 /* UI */ = {
			isa = PBXGroup;
			children = (
				2550B80A2B5D76850004C360 /* Map */,
			);
			path = UI;
			sourceTree = "<group>";
		};
		2550B80A2B5D76850004C360 /* Map */ = {
			isa = PBXGroup;
			children = (
				2550B80B2B5D76850004C360 /* MapCard.swift */,
			);
			path = Map;
			sourceTree = "<group>";
		};
		2550B80C2B5D76850004C360 /* TimeLine */ = {
			isa = PBXGroup;
			children = (
				2550B80D2B5D76850004C360 /* LargeData */,
				2550B8102B5D76850004C360 /* SmallData */,
				2550B8132B5D76850004C360 /* TimeLine */,
			);
			path = TimeLine;
			sourceTree = "<group>";
		};
		2550B80D2B5D76850004C360 /* LargeData */ = {
			isa = PBXGroup;
			children = (
				D2EB41572B5F67D700A7FF8B /* ViewModel */,
				D2EB41542B5F67B100A7FF8B /* Model */,
				2550B80E2B5D76850004C360 /* View */,
			);
			path = LargeData;
			sourceTree = "<group>";
		};
		2550B80E2B5D76850004C360 /* View */ = {
			isa = PBXGroup;
			children = (
				2550B80F2B5D76850004C360 /* LargeData.swift */,
			);
			path = View;
			sourceTree = "<group>";
		};
		2550B8102B5D76850004C360 /* SmallData */ = {
			isa = PBXGroup;
			children = (
				D2EB41582B5F67E100A7FF8B /* ViewModel */,
				D2EB41552B5F67BD00A7FF8B /* Model */,
				2550B8112B5D76850004C360 /* View */,
			);
			path = SmallData;
			sourceTree = "<group>";
		};
		2550B8112B5D76850004C360 /* View */ = {
			isa = PBXGroup;
			children = (
				2550B8122B5D76850004C360 /* SmallData.swift */,
			);
			path = View;
			sourceTree = "<group>";
		};
		2550B8132B5D76850004C360 /* TimeLine */ = {
			isa = PBXGroup;
			children = (
				D2EB41592B5F67E400A7FF8B /* ViewModel */,
				D2EB41562B5F67BF00A7FF8B /* Model */,
				2550B8142B5D76850004C360 /* View */,
			);
			path = TimeLine;
			sourceTree = "<group>";
		};
		2550B8142B5D76850004C360 /* View */ = {
			isa = PBXGroup;
			children = (
				2550B8152B5D76850004C360 /* TimeLine.swift */,
			);
			path = View;
			sourceTree = "<group>";
		};
		2550B8162B5D76850004C360 /* Tools */ = {
			isa = PBXGroup;
			children = (
				2550B8172B5D76850004C360 /* Tools.swift */,
				2550B8182B5D76850004C360 /* LocationManager.swift */,
			);
			path = Tools;
			sourceTree = "<group>";
		};
		2550B8192B5D76850004C360 /* Settings */ = {
			isa = PBXGroup;
			children = (
				D2EB41532B5ED05800A7FF8B /* View */,
				D2EB41502B5ED01B00A7FF8B /* ViewModel */,
				D2EB414D2B5ECF2300A7FF8B /* Model */,
			);
			path = Settings;
			sourceTree = "<group>";
		};
		2550B8242B5D7A190004C360 /* Model */ = {
			isa = PBXGroup;
			children = (
				2550B8222B5D79E20004C360 /* AddDataModel.swift */,
			);
			path = Model;
			sourceTree = "<group>";
		};
		D2EB414A2B5E278800A7FF8B /* ViewModel */ = {
			isa = PBXGroup;
			children = (
				D2EB414B2B5E27A300A7FF8B /* AddViewModel.swift */,
			);
			path = ViewModel;
			sourceTree = "<group>";
		};
		D2EB414D2B5ECF2300A7FF8B /* Model */ = {
			isa = PBXGroup;
			children = (
				D2EB414E2B5ECF4E00A7FF8B /* SettingsModel.swift */,
			);
			path = Model;
			sourceTree = "<group>";
		};
		D2EB41502B5ED01B00A7FF8B /* ViewModel */ = {
			isa = PBXGroup;
			children = (
				D2EB41512B5ED03300A7FF8B /* SettingsViewModel.swift */,
			);
			path = ViewModel;
			sourceTree = "<group>";
		};
		D2EB41532B5ED05800A7FF8B /* View */ = {
			isa = PBXGroup;
			children = (
				2550B81A2B5D76850004C360 /* Settings.swift */,
			);
			path = View;
			sourceTree = "<group>";
		};
		D2EB41542B5F67B100A7FF8B /* Model */ = {
			isa = PBXGroup;
			children = (
				D2EB415A2B5F680100A7FF8B /* LargeDataModel.swift */,
			);
			path = Model;
			sourceTree = "<group>";
		};
		D2EB41552B5F67BD00A7FF8B /* Model */ = {
			isa = PBXGroup;
			children = (
				D2EB415C2B5F680800A7FF8B /* SmallDataModel.swift */,
			);
			path = Model;
			sourceTree = "<group>";
		};
		D2EB41562B5F67BF00A7FF8B /* Model */ = {
			isa = PBXGroup;
			children = (
				D2EB415D2B5F681400A7FF8B /* TimeLineModel.swift */,
			);
			path = Model;
			sourceTree = "<group>";
		};
		D2EB41572B5F67D700A7FF8B /* ViewModel */ = {
			isa = PBXGroup;
			children = (
				D2EB415E2B5F684100A7FF8B /* LargeDataViewModel.swift */,
			);
			path = ViewModel;
			sourceTree = "<group>";
		};
		D2EB41582B5F67E100A7FF8B /* ViewModel */ = {
			isa = PBXGroup;
			children = (
				D2EB41602B5F684500A7FF8B /* SmallDataViewModel.swift */,
			);
			path = ViewModel;
			sourceTree = "<group>";
		};
		D2EB41592B5F67E400A7FF8B /* ViewModel */ = {
			isa = PBXGroup;
			children = (
				D2EB41612B5F684800A7FF8B /* TimeLineViewModel.swift */,
			);
			path = ViewModel;
			sourceTree = "<group>";
		};
/* End PBXGroup section */

/* Begin PBXNativeTarget section */
		2550B7D82B5D740C0004C360 /* MapTodo */ = {
			isa = PBXNativeTarget;
			buildConfigurationList = 2550B7FD2B5D740E0004C360 /* Build configuration list for PBXNativeTarget "MapTodo" */;
			buildPhases = (
				2550B7D52B5D740C0004C360 /* Sources */,
				2550B7D62B5D740C0004C360 /* Frameworks */,
				2550B7D72B5D740C0004C360 /* Resources */,
				2550B7FC2B5D740E0004C360 /* Embed Watch Content */,
			);
			buildRules = (
			);
			dependencies = (
				2550B7EC2B5D740D0004C360 /* PBXTargetDependency */,
			);
			name = MapTodo;
			productName = MapTodo;
			productReference = 2550B7D92B5D740C0004C360 /* MapTodo.app */;
			productType = "com.apple.product-type.application";
		};
		2550B7E82B5D740D0004C360 /* MapTodo Watch App */ = {
			isa = PBXNativeTarget;
			buildConfigurationList = 2550B7F92B5D740E0004C360 /* Build configuration list for PBXNativeTarget "MapTodo Watch App" */;
			buildPhases = (
				2550B7E52B5D740D0004C360 /* Sources */,
				2550B7E62B5D740D0004C360 /* Frameworks */,
				2550B7E72B5D740D0004C360 /* Resources */,
			);
			buildRules = (
			);
			dependencies = (
			);
			name = "MapTodo Watch App";
			productName = "MapTodo Watch App";
			productReference = 2550B7E92B5D740D0004C360 /* MapTodo Watch App.app */;
			productType = "com.apple.product-type.application";
		};
/* End PBXNativeTarget section */

/* Begin PBXProject section */
		2550B7D12B5D740B0004C360 /* Project object */ = {
			isa = PBXProject;
			attributes = {
				BuildIndependentTargetsInParallel = 1;
				LastSwiftUpdateCheck = 1500;
				LastUpgradeCheck = 1500;
				TargetAttributes = {
					2550B7D82B5D740C0004C360 = {
						CreatedOnToolsVersion = 15.0;
					};
					2550B7E82B5D740D0004C360 = {
						CreatedOnToolsVersion = 15.0;
					};
				};
			};
			buildConfigurationList = 2550B7D42B5D740B0004C360 /* Build configuration list for PBXProject "MapTodo" */;
			compatibilityVersion = "Xcode 14.0";
			developmentRegion = en;
			hasScannedForEncodings = 0;
			knownRegions = (
				en,
				Base,
			);
			mainGroup = 2550B7D02B5D740B0004C360;
			productRefGroup = 2550B7DA2B5D740C0004C360 /* Products */;
			projectDirPath = "";
			projectRoot = "";
			targets = (
				2550B7D82B5D740C0004C360 /* MapTodo */,
				2550B7E82B5D740D0004C360 /* MapTodo Watch App */,
			);
		};
/* End PBXProject section */

/* Begin PBXResourcesBuildPhase section */
		2550B7D72B5D740C0004C360 /* Resources */ = {
			isa = PBXResourcesBuildPhase;
			buildActionMask = 2147483647;
			files = (
				2550B7E42B5D740D0004C360 /* Preview Assets.xcassets in Resources */,
				D2EB41482B5E259100A7FF8B /* Assets.xcassets in Resources */,
			);
			runOnlyForDeploymentPostprocessing = 0;
		};
		2550B7E72B5D740D0004C360 /* Resources */ = {
			isa = PBXResourcesBuildPhase;
			buildActionMask = 2147483647;
			files = (
				2550B7F62B5D740E0004C360 /* Preview Assets.xcassets in Resources */,
				2550B7F32B5D740E0004C360 /* Assets.xcassets in Resources */,
			);
			runOnlyForDeploymentPostprocessing = 0;
		};
/* End PBXResourcesBuildPhase section */

/* Begin PBXSourcesBuildPhase section */
		2550B7D52B5D740C0004C360 /* Sources */ = {
			isa = PBXSourcesBuildPhase;
			buildActionMask = 2147483647;
			files = (
				2550B81E2B5D76850004C360 /* TimeLine.swift in Sources */,
				2550B8232B5D79E20004C360 /* AddDataModel.swift in Sources */,
				2550B81D2B5D76850004C360 /* SmallData.swift in Sources */,
				2550B8202B5D76850004C360 /* LocationManager.swift in Sources */,
				2550B7DF2B5D740C0004C360 /* ContentView.swift in Sources */,
				D2EB415B2B5F680100A7FF8B /* LargeDataModel.swift in Sources */,
				D2EB41522B5ED03300A7FF8B /* SettingsViewModel.swift in Sources */,
				2550B81C2B5D76850004C360 /* LargeData.swift in Sources */,
				2550B8052B5D75E30004C360 /* AddData.swift in Sources */,
				2550B8082B5D76650004C360 /* MapDataModel.swift in Sources */,
				D2EB415F2B5F684100A7FF8B /* LargeDataViewModel.swift in Sources */,
				D2EB414F2B5ECF4E00A7FF8B /* SettingsModel.swift in Sources */,
				2550B81F2B5D76850004C360 /* Tools.swift in Sources */,
				D2EB414C2B5E27A300A7FF8B /* AddViewModel.swift in Sources */,
				2550B7DD2B5D740C0004C360 /* MapTodoApp.swift in Sources */,
				2550B8212B5D76850004C360 /* Settings.swift in Sources */,
				2550B81B2B5D76850004C360 /* MapCard.swift in Sources */,
			);
			runOnlyForDeploymentPostprocessing = 0;
		};
		2550B7E52B5D740D0004C360 /* Sources */ = {
			isa = PBXSourcesBuildPhase;
			buildActionMask = 2147483647;
			files = (
				2550B7F12B5D740D0004C360 /* ContentView.swift in Sources */,
				2550B7EF2B5D740D0004C360 /* MapTodoApp.swift in Sources */,
			);
			runOnlyForDeploymentPostprocessing = 0;
		};
/* End PBXSourcesBuildPhase section */

/* Begin PBXTargetDependency section */
		2550B7EC2B5D740D0004C360 /* PBXTargetDependency */ = {
			isa = PBXTargetDependency;
			target = 2550B7E82B5D740D0004C360 /* MapTodo Watch App */;
			targetProxy = 2550B7EB2B5D740D0004C360 /* PBXContainerItemProxy */;
		};
/* End PBXTargetDependency section */

/* Begin XCBuildConfiguration section */
		2550B7F72B5D740E0004C360 /* Debug */ = {
			isa = XCBuildConfiguration;
			buildSettings = {
				ALWAYS_SEARCH_USER_PATHS = NO;
				ASSETCATALOG_COMPILER_GENERATE_SWIFT_ASSET_SYMBOL_EXTENSIONS = YES;
				CLANG_ANALYZER_NONNULL = YES;
				CLANG_ANALYZER_NUMBER_OBJECT_CONVERSION = YES_AGGRESSIVE;
				CLANG_CXX_LANGUAGE_STANDARD = "gnu++20";
				CLANG_ENABLE_MODULES = YES;
				CLANG_ENABLE_OBJC_ARC = YES;
				CLANG_ENABLE_OBJC_WEAK = YES;
				CLANG_WARN_BLOCK_CAPTURE_AUTORELEASING = YES;
				CLANG_WARN_BOOL_CONVERSION = YES;
				CLANG_WARN_COMMA = YES;
				CLANG_WARN_CONSTANT_CONVERSION = YES;
				CLANG_WARN_DEPRECATED_OBJC_IMPLEMENTATIONS = YES;
				CLANG_WARN_DIRECT_OBJC_ISA_USAGE = YES_ERROR;
				CLANG_WARN_DOCUMENTATION_COMMENTS = YES;
				CLANG_WARN_EMPTY_BODY = YES;
				CLANG_WARN_ENUM_CONVERSION = YES;
				CLANG_WARN_INFINITE_RECURSION = YES;
				CLANG_WARN_INT_CONVERSION = YES;
				CLANG_WARN_NON_LITERAL_NULL_CONVERSION = YES;
				CLANG_WARN_OBJC_IMPLICIT_RETAIN_SELF = YES;
				CLANG_WARN_OBJC_LITERAL_CONVERSION = YES;
				CLANG_WARN_OBJC_ROOT_CLASS = YES_ERROR;
				CLANG_WARN_QUOTED_INCLUDE_IN_FRAMEWORK_HEADER = YES;
				CLANG_WARN_RANGE_LOOP_ANALYSIS = YES;
				CLANG_WARN_STRICT_PROTOTYPES = YES;
				CLANG_WARN_SUSPICIOUS_MOVE = YES;
				CLANG_WARN_UNGUARDED_AVAILABILITY = YES_AGGRESSIVE;
				CLANG_WARN_UNREACHABLE_CODE = YES;
				CLANG_WARN__DUPLICATE_METHOD_MATCH = YES;
				COPY_PHASE_STRIP = NO;
				DEBUG_INFORMATION_FORMAT = dwarf;
				ENABLE_STRICT_OBJC_MSGSEND = YES;
				ENABLE_TESTABILITY = YES;
				ENABLE_USER_SCRIPT_SANDBOXING = YES;
				GCC_C_LANGUAGE_STANDARD = gnu17;
				GCC_DYNAMIC_NO_PIC = NO;
				GCC_NO_COMMON_BLOCKS = YES;
				GCC_OPTIMIZATION_LEVEL = 0;
				GCC_PREPROCESSOR_DEFINITIONS = (
					"DEBUG=1",
					"$(inherited)",
				);
				GCC_WARN_64_TO_32_BIT_CONVERSION = YES;
				GCC_WARN_ABOUT_RETURN_TYPE = YES_ERROR;
				GCC_WARN_UNDECLARED_SELECTOR = YES;
				GCC_WARN_UNINITIALIZED_AUTOS = YES_AGGRESSIVE;
				GCC_WARN_UNUSED_FUNCTION = YES;
				GCC_WARN_UNUSED_VARIABLE = YES;
				LOCALIZATION_PREFERS_STRING_CATALOGS = YES;
				MTL_ENABLE_DEBUG_INFO = INCLUDE_SOURCE;
				MTL_FAST_MATH = YES;
				ONLY_ACTIVE_ARCH = YES;
				SWIFT_ACTIVE_COMPILATION_CONDITIONS = "DEBUG $(inherited)";
				SWIFT_OPTIMIZATION_LEVEL = "-Onone";
			};
			name = Debug;
		};
		2550B7F82B5D740E0004C360 /* Release */ = {
			isa = XCBuildConfiguration;
			buildSettings = {
				ALWAYS_SEARCH_USER_PATHS = NO;
				ASSETCATALOG_COMPILER_GENERATE_SWIFT_ASSET_SYMBOL_EXTENSIONS = YES;
				CLANG_ANALYZER_NONNULL = YES;
				CLANG_ANALYZER_NUMBER_OBJECT_CONVERSION = YES_AGGRESSIVE;
				CLANG_CXX_LANGUAGE_STANDARD = "gnu++20";
				CLANG_ENABLE_MODULES = YES;
				CLANG_ENABLE_OBJC_ARC = YES;
				CLANG_ENABLE_OBJC_WEAK = YES;
				CLANG_WARN_BLOCK_CAPTURE_AUTORELEASING = YES;
				CLANG_WARN_BOOL_CONVERSION = YES;
				CLANG_WARN_COMMA = YES;
				CLANG_WARN_CONSTANT_CONVERSION = YES;
				CLANG_WARN_DEPRECATED_OBJC_IMPLEMENTATIONS = YES;
				CLANG_WARN_DIRECT_OBJC_ISA_USAGE = YES_ERROR;
				CLANG_WARN_DOCUMENTATION_COMMENTS = YES;
				CLANG_WARN_EMPTY_BODY = YES;
				CLANG_WARN_ENUM_CONVERSION = YES;
				CLANG_WARN_INFINITE_RECURSION = YES;
				CLANG_WARN_INT_CONVERSION = YES;
				CLANG_WARN_NON_LITERAL_NULL_CONVERSION = YES;
				CLANG_WARN_OBJC_IMPLICIT_RETAIN_SELF = YES;
				CLANG_WARN_OBJC_LITERAL_CONVERSION = YES;
				CLANG_WARN_OBJC_ROOT_CLASS = YES_ERROR;
				CLANG_WARN_QUOTED_INCLUDE_IN_FRAMEWORK_HEADER = YES;
				CLANG_WARN_RANGE_LOOP_ANALYSIS = YES;
				CLANG_WARN_STRICT_PROTOTYPES = YES;
				CLANG_WARN_SUSPICIOUS_MOVE = YES;
				CLANG_WARN_UNGUARDED_AVAILABILITY = YES_AGGRESSIVE;
				CLANG_WARN_UNREACHABLE_CODE = YES;
				CLANG_WARN__DUPLICATE_METHOD_MATCH = YES;
				COPY_PHASE_STRIP = NO;
				DEBUG_INFORMATION_FORMAT = "dwarf-with-dsym";
				ENABLE_NS_ASSERTIONS = NO;
				ENABLE_STRICT_OBJC_MSGSEND = YES;
				ENABLE_USER_SCRIPT_SANDBOXING = YES;
				GCC_C_LANGUAGE_STANDARD = gnu17;
				GCC_NO_COMMON_BLOCKS = YES;
				GCC_WARN_64_TO_32_BIT_CONVERSION = YES;
				GCC_WARN_ABOUT_RETURN_TYPE = YES_ERROR;
				GCC_WARN_UNDECLARED_SELECTOR = YES;
				GCC_WARN_UNINITIALIZED_AUTOS = YES_AGGRESSIVE;
				GCC_WARN_UNUSED_FUNCTION = YES;
				GCC_WARN_UNUSED_VARIABLE = YES;
				LOCALIZATION_PREFERS_STRING_CATALOGS = YES;
				MTL_ENABLE_DEBUG_INFO = NO;
				MTL_FAST_MATH = YES;
				SWIFT_COMPILATION_MODE = wholemodule;
			};
			name = Release;
		};
		2550B7FA2B5D740E0004C360 /* Debug */ = {
			isa = XCBuildConfiguration;
			buildSettings = {
				ASSETCATALOG_COMPILER_APPICON_NAME = AppIcon;
				ASSETCATALOG_COMPILER_GLOBAL_ACCENT_COLOR_NAME = AccentColor;
				CODE_SIGN_STYLE = Automatic;
				CURRENT_PROJECT_VERSION = 1;
				DEVELOPMENT_ASSET_PATHS = "\"MapTodo Watch App/Preview Content\"";
				DEVELOPMENT_TEAM = WFCKBPMR9P;
				ENABLE_PREVIEWS = YES;
				GENERATE_INFOPLIST_FILE = YES;
				INFOPLIST_KEY_CFBundleDisplayName = MapTodo;
				INFOPLIST_KEY_UISupportedInterfaceOrientations = "UIInterfaceOrientationPortrait UIInterfaceOrientationPortraitUpsideDown";
				INFOPLIST_KEY_WKCompanionAppBundleIdentifier = com.shupure.MapTodo;
				LD_RUNPATH_SEARCH_PATHS = (
					"$(inherited)",
					"@executable_path/Frameworks",
				);
				MARKETING_VERSION = 1.0;
				PRODUCT_BUNDLE_IDENTIFIER = com.shupure.MapTodo.watchkitapp;
				PRODUCT_NAME = "$(TARGET_NAME)";
				SDKROOT = watchos;
				SKIP_INSTALL = YES;
				SWIFT_EMIT_LOC_STRINGS = YES;
				SWIFT_VERSION = 5.0;
				TARGETED_DEVICE_FAMILY = 4;
				WATCHOS_DEPLOYMENT_TARGET = 10.0;
			};
			name = Debug;
		};
		2550B7FB2B5D740E0004C360 /* Release */ = {
			isa = XCBuildConfiguration;
			buildSettings = {
				ASSETCATALOG_COMPILER_APPICON_NAME = AppIcon;
				ASSETCATALOG_COMPILER_GLOBAL_ACCENT_COLOR_NAME = AccentColor;
				CODE_SIGN_STYLE = Automatic;
				CURRENT_PROJECT_VERSION = 1;
				DEVELOPMENT_ASSET_PATHS = "\"MapTodo Watch App/Preview Content\"";
				DEVELOPMENT_TEAM = WFCKBPMR9P;
				ENABLE_PREVIEWS = YES;
				GENERATE_INFOPLIST_FILE = YES;
				INFOPLIST_KEY_CFBundleDisplayName = MapTodo;
				INFOPLIST_KEY_UISupportedInterfaceOrientations = "UIInterfaceOrientationPortrait UIInterfaceOrientationPortraitUpsideDown";
				INFOPLIST_KEY_WKCompanionAppBundleIdentifier = com.shupure.MapTodo;
				LD_RUNPATH_SEARCH_PATHS = (
					"$(inherited)",
					"@executable_path/Frameworks",
				);
				MARKETING_VERSION = 1.0;
				PRODUCT_BUNDLE_IDENTIFIER = com.shupure.MapTodo.watchkitapp;
				PRODUCT_NAME = "$(TARGET_NAME)";
				SDKROOT = watchos;
				SKIP_INSTALL = YES;
				SWIFT_EMIT_LOC_STRINGS = YES;
				SWIFT_VERSION = 5.0;
				TARGETED_DEVICE_FAMILY = 4;
				VALIDATE_PRODUCT = YES;
				WATCHOS_DEPLOYMENT_TARGET = 10.0;
			};
			name = Release;
		};
		2550B7FE2B5D740E0004C360 /* Debug */ = {
			isa = XCBuildConfiguration;
			buildSettings = {
				ALWAYS_EMBED_SWIFT_STANDARD_LIBRARIES = YES;
				ASSETCATALOG_COMPILER_APPICON_NAME = AppIcon;
				ASSETCATALOG_COMPILER_GLOBAL_ACCENT_COLOR_NAME = AccentColor;
				CODE_SIGN_STYLE = Automatic;
				CURRENT_PROJECT_VERSION = 1;
				DEVELOPMENT_ASSET_PATHS = "\"MapTodo/Preview Content\"";
				DEVELOPMENT_TEAM = WFCKBPMR9P;
				ENABLE_PREVIEWS = YES;
				GENERATE_INFOPLIST_FILE = YES;
				INFOPLIST_KEY_CFBundleDisplayName = MapTodo;
				INFOPLIST_KEY_NSLocationWhenInUseUsageDescription = "This app uses location information for testing";
				INFOPLIST_KEY_UIApplicationSceneManifest_Generation = YES;
				INFOPLIST_KEY_UIApplicationSupportsIndirectInputEvents = YES;
				INFOPLIST_KEY_UILaunchScreen_Generation = YES;
				INFOPLIST_KEY_UISupportedInterfaceOrientations_iPad = "UIInterfaceOrientationPortrait UIInterfaceOrientationPortraitUpsideDown UIInterfaceOrientationLandscapeLeft UIInterfaceOrientationLandscapeRight";
				INFOPLIST_KEY_UISupportedInterfaceOrientations_iPhone = "UIInterfaceOrientationPortrait UIInterfaceOrientationLandscapeLeft UIInterfaceOrientationLandscapeRight";
				IPHONEOS_DEPLOYMENT_TARGET = 17.0;
				LD_RUNPATH_SEARCH_PATHS = (
					"$(inherited)",
					"@executable_path/Frameworks",
				);
				MARKETING_VERSION = 1.0;
				PRODUCT_BUNDLE_IDENTIFIER = com.shupure.MapTodo;
				PRODUCT_NAME = "$(TARGET_NAME)";
				SDKROOT = iphoneos;
				SWIFT_EMIT_LOC_STRINGS = YES;
				SWIFT_VERSION = 5.0;
				TARGETED_DEVICE_FAMILY = "1,2";
			};
			name = Debug;
		};
		2550B7FF2B5D740E0004C360 /* Release */ = {
			isa = XCBuildConfiguration;
			buildSettings = {
				ALWAYS_EMBED_SWIFT_STANDARD_LIBRARIES = YES;
				ASSETCATALOG_COMPILER_APPICON_NAME = AppIcon;
				ASSETCATALOG_COMPILER_GLOBAL_ACCENT_COLOR_NAME = AccentColor;
				CODE_SIGN_STYLE = Automatic;
				CURRENT_PROJECT_VERSION = 1;
				DEVELOPMENT_ASSET_PATHS = "\"MapTodo/Preview Content\"";
				DEVELOPMENT_TEAM = WFCKBPMR9P;
				ENABLE_PREVIEWS = YES;
				GENERATE_INFOPLIST_FILE = YES;
				INFOPLIST_KEY_CFBundleDisplayName = MapTodo;
				INFOPLIST_KEY_NSLocationWhenInUseUsageDescription = "This app uses location information for testing";
				INFOPLIST_KEY_UIApplicationSceneManifest_Generation = YES;
				INFOPLIST_KEY_UIApplicationSupportsIndirectInputEvents = YES;
				INFOPLIST_KEY_UILaunchScreen_Generation = YES;
				INFOPLIST_KEY_UISupportedInterfaceOrientations_iPad = "UIInterfaceOrientationPortrait UIInterfaceOrientationPortraitUpsideDown UIInterfaceOrientationLandscapeLeft UIInterfaceOrientationLandscapeRight";
				INFOPLIST_KEY_UISupportedInterfaceOrientations_iPhone = "UIInterfaceOrientationPortrait UIInterfaceOrientationLandscapeLeft UIInterfaceOrientationLandscapeRight";
				IPHONEOS_DEPLOYMENT_TARGET = 17.0;
				LD_RUNPATH_SEARCH_PATHS = (
					"$(inherited)",
					"@executable_path/Frameworks",
				);
				MARKETING_VERSION = 1.0;
				PRODUCT_BUNDLE_IDENTIFIER = com.shupure.MapTodo;
				PRODUCT_NAME = "$(TARGET_NAME)";
				SDKROOT = iphoneos;
				SWIFT_EMIT_LOC_STRINGS = YES;
				SWIFT_VERSION = 5.0;
				TARGETED_DEVICE_FAMILY = "1,2";
				VALIDATE_PRODUCT = YES;
			};
			name = Release;
		};
/* End XCBuildConfiguration section */

/* Begin XCConfigurationList section */
		2550B7D42B5D740B0004C360 /* Build configuration list for PBXProject "MapTodo" */ = {
			isa = XCConfigurationList;
			buildConfigurations = (
				2550B7F72B5D740E0004C360 /* Debug */,
				2550B7F82B5D740E0004C360 /* Release */,
			);
			defaultConfigurationIsVisible = 0;
			defaultConfigurationName = Release;
		};
		2550B7F92B5D740E0004C360 /* Build configuration list for PBXNativeTarget "MapTodo Watch App" */ = {
			isa = XCConfigurationList;
			buildConfigurations = (
				2550B7FA2B5D740E0004C360 /* Debug */,
				2550B7FB2B5D740E0004C360 /* Release */,
			);
			defaultConfigurationIsVisible = 0;
			defaultConfigurationName = Release;
		};
		2550B7FD2B5D740E0004C360 /* Build configuration list for PBXNativeTarget "MapTodo" */ = {
			isa = XCConfigurationList;
			buildConfigurations = (
				2550B7FE2B5D740E0004C360 /* Debug */,
				2550B7FF2B5D740E0004C360 /* Release */,
			);
			defaultConfigurationIsVisible = 0;
			defaultConfigurationName = Release;
		};
/* End XCConfigurationList section */
	};
	rootObject = 2550B7D12B5D740B0004C360 /* Project object */;
}
